
Microsoft Visual Studio Solution File, Format Version 12.00
# Visual Studio Version 17
VisualStudioVersion = 17.3.32825.248
MinimumVisualStudioVersion = 10.0.40219.1
Project("{FAE04EC0-301F-11D3-BF4B-00C04F79EFBC}") = "CheckoutKata", "CheckoutKata\CheckoutKata.csproj", "{9EAF63F5-8F84-4A2F-B8FA-0327B180CAB5}"
EndProject
Global
	GlobalSection(SolutionConfigurationPlatforms) = preSolution
		Debug|Any CPU = Debug|Any CPU
		Release|Any CPU = Release|Any CPU
	EndGlobalSection
	GlobalSection(ProjectConfigurationPlatforms) = postSolution
		{9EAF63F5-8F84-4A2F-B8FA-0327B180CAB5}.Debug|Any CPU.ActiveCfg = Debug|Any CPU
		{9EAF63F5-8F84-4A2F-B8FA-0327B180CAB5}.Debug|Any CPU.Build.0 = Debug|Any CPU
		{9EAF63F5-8F84-4A2F-B8FA-0327B180CAB5}.Release|Any CPU.ActiveCfg = Release|Any CPU
		{9EAF63F5-8F84-4A2F-B8FA-0327B180CAB5}.Release|Any CPU.Build.0 = Release|Any CPU
	EndGlobalSection
	GlobalSection(SolutionProperties) = preSolution
		HideSolutionNode = FALSE
	EndGlobalSection
	GlobalSection(ExtensibilityGlobals) = postSolution
		SolutionGuid = {89A42519-7FEF-4F86-A718-BCAEFF9B2003}
	EndGlobalSection
EndGlobal
